{
    "_readme": [
        "This file locks the dependencies of your project to a known state",
        "Read more about it at https://getcomposer.org/doc/01-basic-usage.md#installing-dependencies",
        "This file is @generated automatically"
    ],
    "content-hash": "6b85cfde0c4498f62ef36ac19f4e8e9d",
    "packages": [
        {
            "name": "acme/abandoned",
            "version": "1.0.0",
            "source": {
                "type": "git",
                "url": "https://example.invalid/acme/abandoned.git",
                "reference": "ref1000000000000000000000000000000000000"
            },
            "dist": {
                "type": "zip",
                "url": "https://example.invalid/acme/abandoned/1.0.0.zip",
                "reference": "ref1000000000000000000000000000000000000",
                "shasum": ""
            },
            "type": "library",
            "autoload": {
                "psr-4": {
                    "Acme\\\\Abandoned\\\\": "src/"
                }
            },
            "notification-url": "https://packagist.org/downloads/",
            "license": [
                "MIT"
            ],
            "description": "acme/abandoned test package",
            "abandoned": "acme/vuln",
            "time": "2026-01-01T00:00:00+00:00"
        },
        {
            "name": "acme/bad",
            "version": "1.0.0",
            "source": {
                "type": "git",
                "url": "https://example.invalid/acme/bad.git",
                "reference": "ref1000000000000000000000000000000000000"
            },
            "dist": {
                "type": "zip",
                "url": "https://example.invalid/acme/bad/1.0.0.zip",
                "reference": "ref1000000000000000000000000000000000000",
                "shasum": ""
            },
            "type": "library",
            "autoload": {
                "psr-4": {
                    "Acme\\\\Bad\\\\": "src/"
                }
            },
            "notification-url": "https://packagist.org/downloads/",
            "license": [
                "MIT"
            ],
            "description": "acme/bad test package",
            "time": "2026-01-01T00:00:00+00:00"
        },
        {
            "name": "acme/lib",
            "version": "3.0.0",
            "source": {
                "type": "git",
                "url": "https://example.invalid/acme/lib.git",
                "reference": "ref3000000000000000000000000000000000000"
            },
            "dist": {
                "type": "zip",
                "url": "https://example.invalid/acme/lib/3.0.0.zip",
                "reference": "ref3000000000000000000000000000000000000",
                "shasum": ""
            },
            "require": {
                "acme/vuln": "^1.0"
            },
            "type": "library",
            "autoload": {
                "psr-4": {
                    "Acme\\\\Lib\\\\": "src/"
                }
            },
            "notification-url": "https://packagist.org/downloads/",
            "license": [
                "MIT"
            ],
            "description": "acme/lib test package",
            "time": "2026-01-01T00:00:00+00:00"
        },
        {
            "name": "acme/vuln",
            "version": "1.0.0",
            "source": {
                "type": "git",
                "url": "https://example.invalid/acme/vuln.git",
                "reference": "ref1000000000000000000000000000000000000"
            },
            "dist": {
                "type": "zip",
                "url": "https://example.invalid/acme/vuln/1.0.0.zip",
                "reference": "ref1000000000000000000000000000000000000",
                "shasum": ""
            },
            "type": "library",
            "autoload": {
                "psr-4": {
                    "Acme\\\\Vuln\\\\": "src/"
                }
            },
            "notification-url": "https://packagist.org/downloads/",
            "license": [
                "MIT"
            ],
            "description": "acme/vuln test package",
            "time": "2026-01-01T00:00:00+00:00"
        }
    ],
    "packages-dev": [],
    "aliases": [],
    "minimum-stability": "stable",
    "stability-flags": {},
    "prefer-stable": false,
    "prefer-lowest": false,
    "platform": {},
    "platform-dev": {},
    "plugin-api-version": "2.9.0"
}
